// !$*UTF8*$!
{
	archiveVersion = 1;
	classes = {
	};
	objectVersion = 46;
	objects = {

/* Begin PBXBuildFile section */
		7416E0861DC770CC000899E1 /* AppDelegate.swift in Sources */ = {isa = PBXBuildFile; fileRef = 7416E0851DC770CC000899E1 /* AppDelegate.swift */; };
		7416E0881DC770CC000899E1 /* ViewController.swift in Sources */ = {isa = PBXBuildFile; fileRef = 7416E0871DC770CC000899E1 /* ViewController.swift */; };
		7416E08B1DC770CC000899E1 /* Main.storyboard in Resources */ = {isa = PBXBuildFile; fileRef = 7416E0891DC770CC000899E1 /* Main.storyboard */; };
		7416E08D1DC770CC000899E1 /* Assets.xcassets in Resources */ = {isa = PBXBuildFile; fileRef = 7416E08C1DC770CC000899E1 /* Assets.xcassets */; };
		7416E0901DC770CC000899E1 /* LaunchScreen.storyboard in Resources */ = {isa = PBXBuildFile; fileRef = 7416E08E1DC770CC000899E1 /* LaunchScreen.storyboard */; };
		7416E09B1DC770CC000899E1 /* CarthageLicenseSampleTests.swift in Sources */ = {isa = PBXBuildFile; fileRef = 7416E09A1DC770CC000899E1 /* CarthageLicenseSampleTests.swift */; };
		7416E0A61DC770CC000899E1 /* CarthageLicenseSampleUITests.swift in Sources */ = {isa = PBXBuildFile; fileRef = 7416E0A51DC770CC000899E1 /* CarthageLicenseSampleUITests.swift */; };
		7416E0B41DC77536000899E1 /* Settings.bundle in Resources */ = {isa = PBXBuildFile; fileRef = 7416E0B31DC77536000899E1 /* Settings.bundle */; };
/* End PBXBuildFile section */

/* Begin PBXContainerItemProxy section */
		7416E0971DC770CC000899E1 /* PBXContainerItemProxy */ = {
			isa = PBXContainerItemProxy;
			containerPortal = 7416E07A1DC770CC000899E1 /* Project object */;
			proxyType = 1;
			remoteGlobalIDString = 7416E0811DC770CC000899E1;
			remoteInfo = CarthageLicenseSample;
		};
		7416E0A21DC770CC000899E1 /* PBXContainerItemProxy */ = {
			isa = PBXContainerItemProxy;
			containerPortal = 7416E07A1DC770CC000899E1 /* Project object */;
			proxyType = 1;
			remoteGlobalIDString = 7416E0811DC770CC000899E1;
			remoteInfo = CarthageLicenseSample;
		};
/* End PBXContainerItemProxy section */

/* Begin PBXFileReference section */
		7416E0821DC770CC000899E1 /* CarthageLicenseSample.app */ = {isa = PBXFileReference; explicitFileType = wrapper.application; includeInIndex = 0; path = CarthageLicenseSample.app; sourceTree = BUILT_PRODUCTS_DIR; };
		7416E0851DC770CC000899E1 /* AppDelegate.swift */ = {isa = PBXFileReference; lastKnownFileType = sourcecode.swift; path = AppDelegate.swift; sourceTree = "<group>"; };
		7416E0871DC770CC000899E1 /* ViewController.swift */ = {isa = PBXFileReference; lastKnownFileType = sourcecode.swift; path = ViewController.swift; sourceTree = "<group>"; };
		7416E08A1DC770CC000899E1 /* Base */ = {isa = PBXFileReference; lastKnownFileType = file.storyboard; name = Base; path = Base.lproj/Main.storyboard; sourceTree = "<group>"; };
		7416E08C1DC770CC000899E1 /* Assets.xcassets */ = {isa = PBXFileReference; lastKnownFileType = folder.assetcatalog; path = Assets.xcassets; sourceTree = "<group>"; };
		7416E08F1DC770CC000899E1 /* Base */ = {isa = PBXFileReference; lastKnownFileType = file.storyboard; name = Base; path = Base.lproj/LaunchScreen.storyboard; sourceTree = "<group>"; };
		7416E0911DC770CC000899E1 /* Info.plist */ = {isa = PBXFileReference; lastKnownFileType = text.plist.xml; path = Info.plist; sourceTree = "<group>"; };
		7416E0961DC770CC000899E1 /* CarthageLicenseSampleTests.xctest */ = {isa = PBXFileReference; explicitFileType = wrapper.cfbundle; includeInIndex = 0; path = CarthageLicenseSampleTests.xctest; sourceTree = BUILT_PRODUCTS_DIR; };
		7416E09A1DC770CC000899E1 /* CarthageLicenseSampleTests.swift */ = {isa = PBXFileReference; lastKnownFileType = sourcecode.swift; path = CarthageLicenseSampleTests.swift; sourceTree = "<group>"; };
		7416E09C1DC770CC000899E1 /* Info.plist */ = {isa = PBXFileReference; lastKnownFileType = text.plist.xml; path = Info.plist; sourceTree = "<group>"; };
		7416E0A11DC770CC000899E1 /* CarthageLicenseSampleUITests.xctest */ = {isa = PBXFileReference; explicitFileType = wrapper.cfbundle; includeInIndex = 0; path = CarthageLicenseSampleUITests.xctest; sourceTree = BUILT_PRODUCTS_DIR; };
		7416E0A51DC770CC000899E1 /* CarthageLicenseSampleUITests.swift */ = {isa = PBXFileReference; lastKnownFileType = sourcecode.swift; path = CarthageLicenseSampleUITests.swift; sourceTree = "<group>"; };
		7416E0A71DC770CC000899E1 /* Info.plist */ = {isa = PBXFileReference; lastKnownFileType = text.plist.xml; path = Info.plist; sourceTree = "<group>"; };
		7416E0B31DC77536000899E1 /* Settings.bundle */ = {isa = PBXFileReference; lastKnownFileType = "wrapper.plug-in"; path = Settings.bundle; sourceTree = "<group>"; };
/* End PBXFileReference section */

/* Begin PBXFrameworksBuildPhase section */
		7416E07F1DC770CC000899E1 /* Frameworks */ = {
			isa = PBXFrameworksBuildPhase;
			buildActionMask = 2147483647;
			files = (
			);
			runOnlyForDeploymentPostprocessing = 0;
		};
		7416E0931DC770CC000899E1 /* Frameworks */ = {
			isa = PBXFrameworksBuildPhase;
			buildActionMask = 2147483647;
			files = (
			);
			runOnlyForDeploymentPostprocessing = 0;
		};
		7416E09E1DC770CC000899E1 /* Frameworks */ = {
			isa = PBXFrameworksBuildPhase;
			buildActionMask = 2147483647;
			files = (
			);
			runOnlyForDeploymentPostprocessing = 0;
		};
/* End PBXFrameworksBuildPhase section */

/* Begin PBXGroup section */
		7416E0791DC770CC000899E1 = {
			isa = PBXGroup;
			children = (
				7416E0841DC770CC000899E1 /* CarthageLicenseSample */,
				7416E0991DC770CC000899E1 /* CarthageLicenseSampleTests */,
				7416E0A41DC770CC000899E1 /* CarthageLicenseSampleUITests */,
				7416E0831DC770CC000899E1 /* Products */,
			);
			sourceTree = "<group>";
		};
		7416E0831DC770CC000899E1 /* Products */ = {
			isa = PBXGroup;
			children = (
				7416E0821DC770CC000899E1 /* CarthageLicenseSample.app */,
				7416E0961DC770CC000899E1 /* CarthageLicenseSampleTests.xctest */,
				7416E0A11DC770CC000899E1 /* CarthageLicenseSampleUITests.xctest */,
			);
			name = Products;
			sourceTree = "<group>";
		};
		7416E0841DC770CC000899E1 /* CarthageLicenseSample */ = {
			isa = PBXGroup;
			children = (
				7416E0851DC770CC000899E1 /* AppDelegate.swift */,
				7416E0871DC770CC000899E1 /* ViewController.swift */,
				7416E0891DC770CC000899E1 /* Main.storyboard */,
				7416E08C1DC770CC000899E1 /* Assets.xcassets */,
				7416E08E1DC770CC000899E1 /* LaunchScreen.storyboard */,
				7416E0911DC770CC000899E1 /* Info.plist */,
				7416E0B31DC77536000899E1 /* Settings.bundle */,
			);
			path = CarthageLicenseSample;
			sourceTree = "<group>";
		};
		7416E0991DC770CC000899E1 /* CarthageLicenseSampleTests */ = {
			isa = PBXGroup;
			children = (
				7416E09A1DC770CC000899E1 /* CarthageLicenseSampleTests.swift */,
				7416E09C1DC770CC000899E1 /* Info.plist */,
			);
			path = CarthageLicenseSampleTests;
			sourceTree = "<group>";
		};
		7416E0A41DC770CC000899E1 /* CarthageLicenseSampleUITests */ = {
			isa = PBXGroup;
			children = (
				7416E0A51DC770CC000899E1 /* CarthageLicenseSampleUITests.swift */,
				7416E0A71DC770CC000899E1 /* Info.plist */,
			);
			path = CarthageLicenseSampleUITests;
			sourceTree = "<group>";
		};
/* End PBXGroup section */

/* Begin PBXNativeTarget section */
		7416E0811DC770CC000899E1 /* CarthageLicenseSample */ = {
			isa = PBXNativeTarget;
			buildConfigurationList = 7416E0AA1DC770CC000899E1 /* Build configuration list for PBXNativeTarget "CarthageLicenseSample" */;
			buildPhases = (
				7416E07E1DC770CC000899E1 /* Sources */,
				7416E07F1DC770CC000899E1 /* Frameworks */,
				7416E0801DC770CC000899E1 /* Resources */,
			);
			buildRules = (
			);
			dependencies = (
			);
			name = CarthageLicenseSample;
			productName = CarthageLicenseSample;
			productReference = 7416E0821DC770CC000899E1 /* CarthageLicenseSample.app */;
			productType = "com.apple.product-type.application";
		};
		7416E0951DC770CC000899E1 /* CarthageLicenseSampleTests */ = {
			isa = PBXNativeTarget;
			buildConfigurationList = 7416E0AD1DC770CC000899E1 /* Build configuration list for PBXNativeTarget "CarthageLicenseSampleTests" */;
			buildPhases = (
				7416E0921DC770CC000899E1 /* Sources */,
				7416E0931DC770CC000899E1 /* Frameworks */,
				7416E0941DC770CC000899E1 /* Resources */,
			);
			buildRules = (
			);
			dependencies = (
				7416E0981DC770CC000899E1 /* PBXTargetDependency */,
			);
			name = CarthageLicenseSampleTests;
			productName = CarthageLicenseSampleTests;
			productReference = 7416E0961DC770CC000899E1 /* CarthageLicenseSampleTests.xctest */;
			productType = "com.apple.product-type.bundle.unit-test";
		};
		7416E0A01DC770CC000899E1 /* CarthageLicenseSampleUITests */ = {
			isa = PBXNativeTarget;
			buildConfigurationList = 7416E0B01DC770CC000899E1 /* Build configuration list for PBXNativeTarget "CarthageLicenseSampleUITests" */;
			buildPhases = (
				7416E09D1DC770CC000899E1 /* Sources */,
				7416E09E1DC770CC000899E1 /* Frameworks */,
				7416E09F1DC770CC000899E1 /* Resources */,
			);
			buildRules = (
			);
			dependencies = (
				7416E0A31DC770CC000899E1 /* PBXTargetDependency */,
			);
			name = CarthageLicenseSampleUITests;
			productName = CarthageLicenseSampleUITests;
			productReference = 7416E0A11DC770CC000899E1 /* CarthageLicenseSampleUITests.xctest */;
			productType = "com.apple.product-type.bundle.ui-testing";
		};
/* End PBXNativeTarget section */

/* Begin PBXProject section */
		7416E07A1DC770CC000899E1 /* Project object */ = {
			isa = PBXProject;
			attributes = {
				LastSwiftUpdateCheck = 0800;
				LastUpgradeCheck = 0800;
				ORGANIZATIONNAME = hatuyuki4;
				TargetAttributes = {
					7416E0811DC770CC000899E1 = {
						CreatedOnToolsVersion = 8.0;
						ProvisioningStyle = Automatic;
					};
					7416E0951DC770CC000899E1 = {
						CreatedOnToolsVersion = 8.0;
						ProvisioningStyle = Automatic;
						TestTargetID = 7416E0811DC770CC000899E1;
					};
					7416E0A01DC770CC000899E1 = {
						CreatedOnToolsVersion = 8.0;
						ProvisioningStyle = Automatic;
						TestTargetID = 7416E0811DC770CC000899E1;
					};
				};
			};
			buildConfigurationList = 7416E07D1DC770CC000899E1 /* Build configuration list for PBXProject "CarthageLicenseSample" */;
			compatibilityVersion = "Xcode 3.2";
			developmentRegion = English;
			hasScannedForEncodings = 0;
			knownRegions = (
				en,
				Base,
			);
			mainGroup = 7416E0791DC770CC000899E1;
			productRefGroup = 7416E0831DC770CC000899E1 /* Products */;
			projectDirPath = "";
			projectRoot = "";
			targets = (
				7416E0811DC770CC000899E1 /* CarthageLicenseSample */,
				7416E0951DC770CC000899E1 /* CarthageLicenseSampleTests */,
				7416E0A01DC770CC000899E1 /* CarthageLicenseSampleUITests */,
			);
		};
/* End PBXProject section */

/* Begin PBXResourcesBuildPhase section */
		7416E0801DC770CC000899E1 /* Resources */ = {
			isa = PBXResourcesBuildPhase;
			buildActionMask = 2147483647;
			files = (
				7416E0B41DC77536000899E1 /* Settings.bundle in Resources */,
				7416E0901DC770CC000899E1 /* LaunchScreen.storyboard in Resources */,
				7416E08D1DC770CC000899E1 /* Assets.xcassets in Resources */,
				7416E08B1DC770CC000899E1 /* Main.storyboard in Resources */,
			);
			runOnlyForDeploymentPostprocessing = 0;
		};
		7416E0941DC770CC000899E1 /* Resources */ = {
			isa = PBXResourcesBuildPhase;
			buildActionMask = 2147483647;
			files = (
			);
			runOnlyForDeploymentPostprocessing = 0;
		};
		7416E09F1DC770CC000899E1 /* Resources */ = {
			isa = PBXResourcesBuildPhase;
			buildActionMask = 2147483647;
			files = (
			);
			runOnlyForDeploymentPostprocessing = 0;
		};
/* End PBXResourcesBuildPhase section */

/* Begin PBXSourcesBuildPhase section */
		7416E07E1DC770CC000899E1 /* Sources */ = {
			isa = PBXSourcesBuildPhase;
			buildActionMask = 2147483647;
			files = (
				7416E0881DC770CC000899E1 /* ViewController.swift in Sources */,
				7416E0861DC770CC000899E1 /* AppDelegate.swift in Sources */,
			);
			runOnlyForDeploymentPostprocessing = 0;
		};
		7416E0921DC770CC000899E1 /* Sources */ = {
			isa = PBXSourcesBuildPhase;
			buildActionMask = 2147483647;
			files = (
				7416E09B1DC770CC000899E1 /* CarthageLicenseSampleTests.swift in Sources */,
			);
			runOnlyForDeploymentPostprocessing = 0;
		};
		7416E09D1DC770CC000899E1 /* Sources */ = {
			isa = PBXSourcesBuildPhase;
			buildActionMask = 2147483647;
			files = (
				7416E0A61DC770CC000899E1 /* CarthageLicenseSampleUITests.swift in Sources */,
			);
			runOnlyForDeploymentPostprocessing = 0;
		};
/* End PBXSourcesBuildPhase section */

/* Begin PBXTargetDependency section */
		7416E0981DC770CC000899E1 /* PBXTargetDependency */ = {
			isa = PBXTargetDependency;
			target = 7416E0811DC770CC000899E1 /* CarthageLicenseSample */;
			targetProxy = 7416E0971DC770CC000899E1 /* PBXContainerItemProxy */;
		};
		7416E0A31DC770CC000899E1 /* PBXTargetDependency */ = {
			isa = PBXTargetDependency;
			target = 7416E0811DC770CC000899E1 /* CarthageLicenseSample */;
			targetProxy = 7416E0A21DC770CC000899E1 /* PBXContainerItemProxy */;
		};
/* End PBXTargetDependency section */

/* Begin PBXVariantGroup section */
		7416E0891DC770CC000899E1 /* Main.storyboard */ = {
			isa = PBXVariantGroup;
			children = (
				7416E08A1DC770CC000899E1 /* Base */,
			);
			name = Main.storyboard;
			sourceTree = "<group>";
		};
		7416E08E1DC770CC000899E1 /* LaunchScreen.storyboard */ = {
			isa = PBXVariantGroup;
			children = (
				7416E08F1DC770CC000899E1 /* Base */,
			);
			name = LaunchScreen.storyboard;
			sourceTree = "<group>";
		};
/* End PBXVariantGroup section */

/* Begin XCBuildConfiguration section */
		7416E0A81DC770CC000899E1 /* Debug */ = {
			isa = XCBuildConfiguration;
			buildSettings = {
				ALWAYS_SEARCH_USER_PATHS = NO;
				CLANG_ANALYZER_NONNULL = YES;
				CLANG_CXX_LANGUAGE_STANDARD = "gnu++0x";
				CLANG_CXX_LIBRARY = "libc++";
				CLANG_ENABLE_MODULES = YES;
				CLANG_ENABLE_OBJC_ARC = YES;
				CLANG_WARN_BOOL_CONVERSION = YES;
				CLANG_WARN_CONSTANT_CONVERSION = YES;
				CLANG_WARN_DIRECT_OBJC_ISA_USAGE = YES_ERROR;
				CLANG_WARN_DOCUMENTATION_COMMENTS = YES;
				CLANG_WARN_EMPTY_BODY = YES;
				CLANG_WARN_ENUM_CONVERSION = YES;
				CLANG_WARN_INFINITE_RECURSION = YES;
				CLANG_WARN_INT_CONVERSION = YES;
				CLANG_WARN_OBJC_ROOT_CLASS = YES_ERROR;
				CLANG_WARN_SUSPICIOUS_MOVES = YES;
				CLANG_WARN_UNREACHABLE_CODE = YES;
				CLANG_WARN__DUPLICATE_METHOD_MATCH = YES;
				"CODE_SIGN_IDENTITY[sdk=iphoneos*]" = "iPhone Developer";
				COPY_PHASE_STRIP = NO;
				DEBUG_INFORMATION_FORMAT = dwarf;
				ENABLE_STRICT_OBJC_MSGSEND = YES;
				ENABLE_TESTABILITY = YES;
				GCC_C_LANGUAGE_STANDARD = gnu99;
				GCC_DYNAMIC_NO_PIC = NO;
				GCC_NO_COMMON_BLOCKS = YES;
				GCC_OPTIMIZATION_LEVEL = 0;
				GCC_PREPROCESSOR_DEFINITIONS = (
					"DEBUG=1",
					"$(inherited)",
				);
				GCC_WARN_64_TO_32_BIT_CONVERSION = YES;
				GCC_WARN_ABOUT_RETURN_TYPE = YES_ERROR;
				GCC_WARN_UNDECLARED_SELECTOR = YES;
				GCC_WARN_UNINITIALIZED_AUTOS = YES_AGGRESSIVE;
				GCC_WARN_UNUSED_FUNCTION = YES;
				GCC_WARN_UNUSED_VARIABLE = YES;
				IPHONEOS_DEPLOYMENT_TARGET = 10.0;
				MTL_ENABLE_DEBUG_INFO = YES;
				ONLY_ACTIVE_ARCH = YES;
				SDKROOT = iphoneos;
				SWIFT_ACTIVE_COMPILATION_CONDITIONS = DEBUG;
				SWIFT_OPTIMIZATION_LEVEL = "-Onone";
				TARGETED_DEVICE_FAMILY = "1,2";
			};
			name = Debug;
		};
		7416E0A91DC770CC000899E1 /* Release */ = {
			isa = XCBuildConfiguration;
			buildSettings = {
				ALWAYS_SEARCH_USER_PATHS = NO;
				CLANG_ANALYZER_NONNULL = YES;
				CLANG_CXX_LANGUAGE_STANDARD = "gnu++0x";
				CLANG_CXX_LIBRARY = "libc++";
				CLANG_ENABLE_MODULES = YES;
				CLANG_ENABLE_OBJC_ARC = YES;
				CLANG_WARN_BOOL_CONVERSION = YES;
				CLANG_WARN_CONSTANT_CONVERSION = YES;
				CLANG_WARN_DIRECT_OBJC_ISA_USAGE = YES_ERROR;
				CLANG_WARN_DOCUMENTATION_COMMENTS = YES;
				CLANG_WARN_EMPTY_BODY = YES;
				CLANG_WARN_ENUM_CONVERSION = YES;
				CLANG_WARN_INFINITE_RECURSION = YES;
				CLANG_WARN_INT_CONVERSION = YES;
				CLANG_WARN_OBJC_ROOT_CLASS = YES_ERROR;
				CLANG_WARN_SUSPICIOUS_MOVES = YES;
				CLANG_WARN_UNREACHABLE_CODE = YES;
				CLANG_WARN__DUPLICATE_METHOD_MATCH = YES;
				"CODE_SIGN_IDENTITY[sdk=iphoneos*]" = "iPhone Developer";
				COPY_PHASE_STRIP = NO;
				DEBUG_INFORMATION_FORMAT = "dwarf-with-dsym";
				ENABLE_NS_ASSERTIONS = NO;
				ENABLE_STRICT_OBJC_MSGSEND = YES;
				GCC_C_LANGUAGE_STANDARD = gnu99;
				GCC_NO_COMMON_BLOCKS = YES;
				GCC_WARN_64_TO_32_BIT_CONVERSION = YES;
				GCC_WARN_ABOUT_RETURN_TYPE = YES_ERROR;
				GCC_WARN_UNDECLARED_SELECTOR = YES;
				GCC_WARN_UNINITIALIZED_AUTOS = YES_AGGRESSIVE;
				GCC_WARN_UNUSED_FUNCTION = YES;
				GCC_WARN_UNUSED_VARIABLE = YES;
				IPHONEOS_DEPLOYMENT_TARGET = 10.0;
				MTL_ENABLE_DEBUG_INFO = NO;
				SDKROOT = iphoneos;
				SWIFT_OPTIMIZATION_LEVEL = "-Owholemodule";
				TARGETED_DEVICE_FAMILY = "1,2";
				VALIDATE_PRODUCT = YES;
			};
			name = Release;
		};
		7416E0AB1DC770CC000899E1 /* Debug */ = {
			isa = XCBuildConfiguration;
			buildSettings = {
				ASSETCATALOG_COMPILER_APPICON_NAME = AppIcon;
				INFOPLIST_FILE = CarthageLicenseSample/Info.plist;
				LD_RUNPATH_SEARCH_PATHS = "$(inherited) @executable_path/Frameworks";
				PRODUCT_BUNDLE_IDENTIFIER = com.hatuyuki4.CarthageLicenseSample;
				PRODUCT_NAME = "$(TARGET_NAME)";
				SWIFT_VERSION = 3.0;
			};
			name = Debug;
		};
		7416E0AC1DC770CC000899E1 /* Release */ = {
			isa = XCBuildConfiguration;
			buildSettings = {
				ASSETCATALOG_COMPILER_APPICON_NAME = AppIcon;
				INFOPLIST_FILE = CarthageLicenseSample/Info.plist;
				LD_RUNPATH_SEARCH_PATHS = "$(inherited) @executable_path/Frameworks";
				PRODUCT_BUNDLE_IDENTIFIER = com.hatuyuki4.CarthageLicenseSample;
				PRODUCT_NAME = "$(TARGET_NAME)";
				SWIFT_VERSION = 3.0;
			};
			name = Release;
		};
		7416E0AE1DC770CC000899E1 /* Debug */ = {
			isa = XCBuildConfiguration;
			buildSettings = {
				ALWAYS_EMBED_SWIFT_STANDARD_LIBRARIES = YES;
				BUNDLE_LOADER = "$(TEST_HOST)";
				INFOPLIST_FILE = CarthageLicenseSampleTests/Info.plist;
				LD_RUNPATH_SEARCH_PATHS = "$(inherited) @executable_path/Frameworks @loader_path/Frameworks";
				PRODUCT_BUNDLE_IDENTIFIER = com.hatuyuki4.CarthageLicenseSampleTests;
				PRODUCT_NAME = "$(TARGET_NAME)";
				SWIFT_VERSION = 3.0;
				TEST_HOST = "$(BUILT_PRODUCTS_DIR)/CarthageLicenseSample.app/CarthageLicenseSample";
			};
			name = Debug;
		};
		7416E0AF1DC770CC000899E1 /* Release */ = {
			isa = XCBuildConfiguration;
			buildSettings = {
				ALWAYS_EMBED_SWIFT_STANDARD_LIBRARIES = YES;
				BUNDLE_LOADER = "$(TEST_HOST)";
				INFOPLIST_FILE = CarthageLicenseSampleTests/Info.plist;
				LD_RUNPATH_SEARCH_PATHS = "$(inherited) @executable_path/Frameworks @loader_path/Frameworks";
				PRODUCT_BUNDLE_IDENTIFIER = com.hatuyuki4.CarthageLicenseSampleTests;
				PRODUCT_NAME = "$(TARGET_NAME)";
				SWIFT_VERSION = 3.0;
				TEST_HOST = "$(BUILT_PRODUCTS_DIR)/CarthageLicenseSample.app/CarthageLicenseSample";
			};
			name = Release;
		};
		7416E0B11DC770CC000899E1 /* Debug */ = {
			isa = XCBuildConfiguration;
			buildSettings = {
				ALWAYS_EMBED_SWIFT_STANDARD_LIBRARIES = YES;
				INFOPLIST_FILE = CarthageLicenseSampleUITests/Info.plist;
				LD_RUNPATH_SEARCH_PATHS = "$(inherited) @executable_path/Frameworks @loader_path/Frameworks";
				PRODUCT_BUNDLE_IDENTIFIER = com.hatuyuki4.CarthageLicenseSampleUITests;
				PRODUCT_NAME = "$(TARGET_NAME)";
				SWIFT_VERSION = 3.0;
				TEST_TARGET_NAME = CarthageLicenseSample;
			};
			name = Debug;
		};
		7416E0B21DC770CC000899E1 /* Release */ = {
			isa = XCBuildConfiguration;
			buildSettings = {
				ALWAYS_EMBED_SWIFT_STANDARD_LIBRARIES = YES;
				INFOPLIST_FILE = CarthageLicenseSampleUITests/Info.plist;
				LD_RUNPATH_SEARCH_PATHS = "$(inherited) @executable_path/Frameworks @loader_path/Frameworks";
				PRODUCT_BUNDLE_IDENTIFIER = com.hatuyuki4.CarthageLicenseSampleUITests;
				PRODUCT_NAME = "$(TARGET_NAME)";
				SWIFT_VERSION = 3.0;
				TEST_TARGET_NAME = CarthageLicenseSample;
			};
			name = Release;
		};
/* End XCBuildConfiguration section */

/* Begin XCConfigurationList section */
		7416E07D1DC770CC000899E1 /* Build configuration list for PBXProject "CarthageLicenseSample" */ = {
			isa = XCConfigurationList;
			buildConfigurations = (
				7416E0A81DC770CC000899E1 /* Debug */,
				7416E0A91DC770CC000899E1 /* Release */,
			);
			defaultConfigurationIsVisible = 0;
			defaultConfigurationName = Release;
		};
		7416E0AA1DC770CC000899E1 /* Build configuration list for PBXNativeTarget "CarthageLicenseSample" */ = {
			isa = XCConfigurationList;
			buildConfigurations = (
				7416E0AB1DC770CC000899E1 /* Debug */,
				7416E0AC1DC770CC000899E1 /* Release */,
			);
			defaultConfigurationIsVisible = 0;
			defaultConfigurationName = Release;
		};
		7416E0AD1DC770CC000899E1 /* Build configuration list for PBXNativeTarget "CarthageLicenseSampleTests" */ = {
			isa = XCConfigurationList;
			buildConfigurations = (
				7416E0AE1DC770CC000899E1 /* Debug */,
				7416E0AF1DC770CC000899E1 /* Release */,
			);
			defaultConfigurationIsVisible = 0;
			defaultConfigurationName = Release;
		};
		7416E0B01DC770CC000899E1 /* Build configuration list for PBXNativeTarget "CarthageLicenseSampleUITests" */ = {
			isa = XCConfigurationList;
			buildConfigurations = (
				7416E0B11DC770CC000899E1 /* Debug */,
				7416E0B21DC770CC000899E1 /* Release */,
			);
			defaultConfigurationIsVisible = 0;
			defaultConfigurationName = Release;
		};
/* End XCConfigurationList section */
	};
	rootObject = 7416E07A1DC770CC000899E1 /* Project object */;
}
